
Microsoft Visual Studio Solution File, Format Version 12.00
# Visual Studio Version 17
VisualStudioVersion = 17.0.31903.59
MinimumVisualStudioVersion = 10.0.40219.1
Project("{FAE04EC0-301F-11D3-BF4B-00C04F79EFBC}") = "API", "API\API.csproj", "{0A41C7BF-101F-47B2-9352-E57A0EC696AD}"
EndProject
Project("{FAE04EC0-301F-11D3-BF4B-00C04F79EFBC}") = "Core", "Core\Core.csproj", "{AC0A931C-CB51-41CB-B3AD-9D81831B68DE}"
EndProject
Project("{FAE04EC0-301F-11D3-BF4B-00C04F79EFBC}") = "Infrastructure", "Infrastructure\Infrastructure.csproj", "{5396846F-907B-4052-8806-B41B9723EA89}"
EndProject
Global
	GlobalSection(SolutionConfigurationPlatforms) = preSolution
		Debug|Any CPU = Debug|Any CPU
		Debug|x64 = Debug|x64
		Debug|x86 = Debug|x86
		Release|Any CPU = Release|Any CPU
		Release|x64 = Release|x64
		Release|x86 = Release|x86
	EndGlobalSection
	GlobalSection(ProjectConfigurationPlatforms) = postSolution
		{0A41C7BF-101F-47B2-9352-E57A0EC696AD}.Debug|Any CPU.ActiveCfg = Debug|Any CPU
		{0A41C7BF-101F-47B2-9352-E57A0EC696AD}.Debug|Any CPU.Build.0 = Debug|Any CPU
		{0A41C7BF-101F-47B2-9352-E57A0EC696AD}.Debug|x64.ActiveCfg = Debug|Any CPU
		{0A41C7BF-101F-47B2-9352-E57A0EC696AD}.Debug|x64.Build.0 = Debug|Any CPU
		{0A41C7BF-101F-47B2-9352-E57A0EC696AD}.Debug|x86.ActiveCfg = Debug|Any CPU
		{0A41C7BF-101F-47B2-9352-E57A0EC696AD}.Debug|x86.Build.0 = Debug|Any CPU
		{0A41C7BF-101F-47B2-9352-E57A0EC696AD}.Release|Any CPU.ActiveCfg = Release|Any CPU
		{0A41C7BF-101F-47B2-9352-E57A0EC696AD}.Release|Any CPU.Build.0 = Release|Any CPU
		{0A41C7BF-101F-47B2-9352-E57A0EC696AD}.Release|x64.ActiveCfg = Release|Any CPU
		{0A41C7BF-101F-47B2-9352-E57A0EC696AD}.Release|x64.Build.0 = Release|Any CPU
		{0A41C7BF-101F-47B2-9352-E57A0EC696AD}.Release|x86.ActiveCfg = Release|Any CPU
		{0A41C7BF-101F-47B2-9352-E57A0EC696AD}.Release|x86.Build.0 = Release|Any CPU
		{AC0A931C-CB51-41CB-B3AD-9D81831B68DE}.Debug|Any CPU.ActiveCfg = Debug|Any CPU
		{AC0A931C-CB51-41CB-B3AD-9D81831B68DE}.Debug|Any CPU.Build.0 = Debug|Any CPU
		{AC0A931C-CB51-41CB-B3AD-9D81831B68DE}.Debug|x64.ActiveCfg = Debug|Any CPU
		{AC0A931C-CB51-41CB-B3AD-9D81831B68DE}.Debug|x64.Build.0 = Debug|Any CPU
		{AC0A931C-CB51-41CB-B3AD-9D81831B68DE}.Debug|x86.ActiveCfg = Debug|Any CPU
		{AC0A931C-CB51-41CB-B3AD-9D81831B68DE}.Debug|x86.Build.0 = Debug|Any CPU
		{AC0A931C-CB51-41CB-B3AD-9D81831B68DE}.Release|Any CPU.ActiveCfg = Release|Any CPU
		{AC0A931C-CB51-41CB-B3AD-9D81831B68DE}.Release|Any CPU.Build.0 = Release|Any CPU
		{AC0A931C-CB51-41CB-B3AD-9D81831B68DE}.Release|x64.ActiveCfg = Release|Any CPU
		{AC0A931C-CB51-41CB-B3AD-9D81831B68DE}.Release|x64.Build.0 = Release|Any CPU
		{AC0A931C-CB51-41CB-B3AD-9D81831B68DE}.Release|x86.ActiveCfg = Release|Any CPU
		{AC0A931C-CB51-41CB-B3AD-9D81831B68DE}.Release|x86.Build.0 = Release|Any CPU
		{5396846F-907B-4052-8806-B41B9723EA89}.Debug|Any CPU.ActiveCfg = Debug|Any CPU
		{5396846F-907B-4052-8806-B41B9723EA89}.Debug|Any CPU.Build.0 = Debug|Any CPU
		{5396846F-907B-4052-8806-B41B9723EA89}.Debug|x64.ActiveCfg = Debug|Any CPU
		{5396846F-907B-4052-8806-B41B9723EA89}.Debug|x64.Build.0 = Debug|Any CPU
		{5396846F-907B-4052-8806-B41B9723EA89}.Debug|x86.ActiveCfg = Debug|Any CPU
		{5396846F-907B-4052-8806-B41B9723EA89}.Debug|x86.Build.0 = Debug|Any CPU
		{5396846F-907B-4052-8806-B41B9723EA89}.Release|Any CPU.ActiveCfg = Release|Any CPU
		{5396846F-907B-4052-8806-B41B9723EA89}.Release|Any CPU.Build.0 = Release|Any CPU
		{5396846F-907B-4052-8806-B41B9723EA89}.Release|x64.ActiveCfg = Release|Any CPU
		{5396846F-907B-4052-8806-B41B9723EA89}.Release|x64.Build.0 = Release|Any CPU
		{5396846F-907B-4052-8806-B41B9723EA89}.Release|x86.ActiveCfg = Release|Any CPU
		{5396846F-907B-4052-8806-B41B9723EA89}.Release|x86.Build.0 = Release|Any CPU
	EndGlobalSection
	GlobalSection(SolutionProperties) = preSolution
		HideSolutionNode = FALSE
	EndGlobalSection
EndGlobal
